<?xml version="1.0" encoding="UTF-8"?>
<Scheme
   version = "1.3">
   <BuildAction>
      <BuildActionEntries>
         <BuildActionEntry
            buildForRunning = "YES">
            <BuildableReference
               BuildableIdentifier = "primary"
               BlueprintIdentifier = "04E9C0DC17B1D58D00036B0F"
               BuildableName = "SimuStock.app"
               BlueprintName = "SimuStock"
               ReferencedContainer = "container:SimuStock.xcodeproj">
            </BuildableReference>
         </BuildActionEntry>
      </BuildActionEntries>
   </BuildAction>
   <LaunchAction
      useCustomWorkingDirectory = "NO"
      buildConfiguration = "Debug">
      <BuildableProductRunnable>
         <BuildableReference
            BuildableIdentifier = "primary"
            BlueprintIdentifier = "04E9C0DC17B1D58D00036B0F"
            BuildableName = "SimuStock.app"
            BlueprintName = "SimuStock"
            ReferencedContainer = "container:SimuStock.xcodeproj">
         </BuildableReference>
      </BuildableProductRunnable>
   </LaunchAction>
</Scheme>
